<?xml version="1.0" encoding="utf-8"?>
<Project ToolsVersion="4.0" xmlns="http://schemas.microsoft.com/developer/msbuild/2003">
  <ItemGroup>
    <ClCompile Include="src\main.cpp" />
    <ClCompile Include="..\..\..\addons\ofxKinectNui\src\ofxKinectNui.cpp">
      <Filter>addons\ofxKinectNui</Filter>
    </ClCompile>
    <ClCompile Include="..\..\..\addons\ofxKinectNui\src\ofxKinectNuiDraw.cpp">
      <Filter>addons\ofxKinectNui</Filter>
    </ClCompile>
    <ClCompile Include="..\..\..\addons\ofxKinectNui\src\ofxKinectNuiPlayer.cpp">
      <Filter>addons\ofxKinectNui</Filter>
    </ClCompile>
    <ClCompile Include="..\..\..\addons\ofxKinectNui\src\ofxKinectNuiRecorder.cpp">
      <Filter>addons\ofxKinectNui</Filter>
    </ClCompile>
    <ClCompile Include="..\..\..\addons\ofxKinectNui\src\ofxKinectNuiSoundRecorder.cpp">
      <Filter>addons\ofxKinectNui</Filter>
    </ClCompile>
    <ClCompile Include="..\..\..\addons\ofxKinectNui\src\win32\Event.cpp">
      <Filter>addons\ofxKinectNui\win32</Filter>
    </ClCompile>
    <ClCompile Include="..\..\..\addons\ofxKinectNui\src\kinect\nui\KinectContext.cpp">
      <Filter>addons\ofxKinectNui\kinect\nui</Filter>
    </ClCompile>
    <ClCompile Include="..\..\..\addons\ofxKinectNui\src\kinect\nui\SkeletonEngine.cpp">
      <Filter>addons\ofxKinectNui\kinect\nui</Filter>
    </ClCompile>
    <ClCompile Include="..\..\..\addons\ofxKinectNui\src\kinect\nui\SkeletonFrame.cpp">
      <Filter>addons\ofxKinectNui\kinect\nui</Filter>
    </ClCompile>
    <ClCompile Include="..\..\..\addons\ofxKinectNui\src\kinect\nui\AudioStream.cpp">
      <Filter>addons\ofxKinectNui\kinect\nui</Filter>
    </ClCompile>
    <ClCompile Include="..\..\..\addons\ofxKinectNui\src\kinect\nui\ImageFrame.cpp">
      <Filter>addons\ofxKinectNui\kinect\nui</Filter>
    </ClCompile>
    <ClCompile Include="..\..\..\addons\ofxKinectNui\src\kinect\nui\ImageStream.cpp">
      <Filter>addons\ofxKinectNui\kinect\nui</Filter>
    </ClCompile>
    <ClCompile Include="..\..\..\addons\ofxKinectNui\src\kinect\nui\Kinect.cpp">
      <Filter>addons\ofxKinectNui\kinect\nui</Filter>
    </ClCompile>
    <ClCompile Include="..\..\..\addons\ofxMSACore\src\MSACoreGL.cpp">
      <Filter>addons\ofxMSACore</Filter>
    </ClCompile>
    <ClCompile Include="..\..\..\addons\ofxMSAObjCPointer\src\MSAObjCPointer.cpp">
      <Filter>addons\ofxMSAObjCPointer</Filter>
    </ClCompile>
    <ClCompile Include="src\dancePerformance.cpp" />
    <ClCompile Include="src\facade.cpp" />
    <ClCompile Include="..\..\..\addons\ofxOsc\src\ofxOscSender.cpp">
      <Filter>addons\ofxOsc\src</Filter>
    </ClCompile>
    <ClCompile Include="..\..\..\addons\ofxOsc\src\ofxOscBundle.cpp">
      <Filter>addons\ofxOsc\src</Filter>
    </ClCompile>
    <ClCompile Include="..\..\..\addons\ofxOsc\src\ofxOscMessage.cpp">
      <Filter>addons\ofxOsc\src</Filter>
    </ClCompile>
    <ClCompile Include="..\..\..\addons\ofxOsc\src\ofxOscReceiver.cpp">
      <Filter>addons\ofxOsc\src</Filter>
    </ClCompile>
    <ClCompile Include="..\..\..\addons\ofxOsc\libs\oscpack\src\osc\OscTypes.cpp">
      <Filter>addons\ofxOsc\libs\oscpack\src\osc</Filter>
    </ClCompile>
    <ClCompile Include="..\..\..\addons\ofxOsc\libs\oscpack\src\osc\OscOutboundPacketStream.cpp">
      <Filter>addons\ofxOsc\libs\oscpack\src\osc</Filter>
    </ClCompile>
    <ClCompile Include="..\..\..\addons\ofxOsc\libs\oscpack\src\osc\OscPrintReceivedElements.cpp">
      <Filter>addons\ofxOsc\libs\oscpack\src\osc</Filter>
    </ClCompile>
    <ClCompile Include="..\..\..\addons\ofxOsc\libs\oscpack\src\osc\OscReceivedElements.cpp">
      <Filter>addons\ofxOsc\libs\oscpack\src\osc</Filter>
    </ClCompile>
    <ClCompile Include="..\..\..\addons\ofxOsc\libs\oscpack\src\ip\IpEndpointName.cpp">
      <Filter>addons\ofxOsc\libs\oscpack\src\ip</Filter>
    </ClCompile>
    <ClCompile Include="..\..\..\addons\ofxOsc\libs\oscpack\src\ip\win32\UdpSocketWin.cpp">
      <Filter>addons\ofxOsc\libs\oscpack\src\ip\win32</Filter>
    </ClCompile>
    <ClCompile Include="..\..\..\addons\ofxOsc\libs\oscpack\src\ip\win32\NetworkingUtilsWin.cpp">
      <Filter>addons\ofxOsc\libs\oscpack\src\ip\win32</Filter>
    </ClCompile>
    <ClCompile Include="..\..\..\addons\ofxOsc\libs\oscpack\src\ip\posix\UdpSocket.cpp">
      <Filter>addons\ofxOsc\libs\oscpack\src\ip\posix</Filter>
    </ClCompile>
    <ClCompile Include="..\..\..\addons\ofxOsc\libs\oscpack\src\ip\posix\NetworkingUtils.cpp">
      <Filter>addons\ofxOsc\libs\oscpack\src\ip\posix</Filter>
    </ClCompile>
    <ClCompile Include="src\server.cpp" />
    <ClCompile Include="src\NanoSoftSensor.cpp" />
    <ClCompile Include="src\config.cpp" />
    <ClCompile Include="..\..\..\addons\ofxXmlSettings\src\ofxXmlSettings.cpp">
      <Filter>addons\ofxXmlSettings\src</Filter>
    </ClCompile>
    <ClCompile Include="..\..\..\addons\ofxXmlSettings\libs\tinyxml.cpp">
      <Filter>addons\ofxXmlSettings\libs</Filter>
    </ClCompile>
    <ClCompile Include="..\..\..\addons\ofxXmlSettings\libs\tinyxmlerror.cpp">
      <Filter>addons\ofxXmlSettings\libs</Filter>
    </ClCompile>
    <ClCompile Include="..\..\..\addons\ofxXmlSettings\libs\tinyxmlparser.cpp">
      <Filter>addons\ofxXmlSettings\libs</Filter>
    </ClCompile>
  </ItemGroup>
  <ItemGroup>
    <ClInclude Include="..\..\..\addons\ofxKinectNui\src\ofxKinectNuiSoundRecorder.h">
      <Filter>addons\ofxKinectNui</Filter>
    </ClInclude>
    <ClInclude Include="..\..\..\addons\ofxKinectNui\src\ofxBase3DVideo.h">
      <Filter>addons\ofxKinectNui</Filter>
    </ClInclude>
    <ClInclude Include="..\..\..\addons\ofxKinectNui\src\ofxKinectNui.h">
      <Filter>addons\ofxKinectNui</Filter>
    </ClInclude>
    <ClInclude Include="..\..\..\addons\ofxKinectNui\src\ofxKinectNuiDraw.h">
      <Filter>addons\ofxKinectNui</Filter>
    </ClInclude>
    <ClInclude Include="..\..\..\addons\ofxKinectNui\src\ofxKinectNuiDrawInterface.h">
      <Filter>addons\ofxKinectNui</Filter>
    </ClInclude>
    <ClInclude Include="..\..\..\addons\ofxKinectNui\src\ofxKinectNuiPlayer.h">
      <Filter>addons\ofxKinectNui</Filter>
    </ClInclude>
    <ClInclude Include="..\..\..\addons\ofxKinectNui\src\ofxKinectNuiRecorder.h">
      <Filter>addons\ofxKinectNui</Filter>
    </ClInclude>
    <ClInclude Include="..\..\..\addons\ofxKinectNui\src\win32\Event.h">
      <Filter>addons\ofxKinectNui\win32</Filter>
    </ClInclude>
    <ClInclude Include="..\..\..\addons\ofxKinectNui\src\win32\SpinLock.h">
      <Filter>addons\ofxKinectNui\win32</Filter>
    </ClInclude>
    <ClInclude Include="..\..\..\addons\ofxKinectNui\src\kinect\nui\KinectContext.h">
      <Filter>addons\ofxKinectNui\kinect\nui</Filter>
    </ClInclude>
    <ClInclude Include="..\..\..\addons\ofxKinectNui\src\kinect\nui\KinectListener.h">
      <Filter>addons\ofxKinectNui\kinect\nui</Filter>
    </ClInclude>
    <ClInclude Include="..\..\..\addons\ofxKinectNui\src\kinect\nui\SkeletonEngine.h">
      <Filter>addons\ofxKinectNui\kinect\nui</Filter>
    </ClInclude>
    <ClInclude Include="..\..\..\addons\ofxKinectNui\src\kinect\nui\SkeletonFrame.h">
      <Filter>addons\ofxKinectNui\kinect\nui</Filter>
    </ClInclude>
    <ClInclude Include="..\..\..\addons\ofxKinectNui\src\kinect\nui\StaticMediaBuffer.h">
      <Filter>addons\ofxKinectNui\kinect\nui</Filter>
    </ClInclude>
    <ClInclude Include="..\..\..\addons\ofxKinectNui\src\kinect\nui\WaveFileWriter.h">
      <Filter>addons\ofxKinectNui\kinect\nui</Filter>
    </ClInclude>
    <ClInclude Include="..\..\..\addons\ofxKinectNui\src\kinect\nui\WaveOutput.h">
      <Filter>addons\ofxKinectNui\kinect\nui</Filter>
    </ClInclude>
    <ClInclude Include="..\..\..\addons\ofxKinectNui\src\kinect\nui\AudioStream.h">
      <Filter>addons\ofxKinectNui\kinect\nui</Filter>
    </ClInclude>
    <ClInclude Include="..\..\..\addons\ofxKinectNui\src\kinect\nui\ImageFrame.h">
      <Filter>addons\ofxKinectNui\kinect\nui</Filter>
    </ClInclude>
    <ClInclude Include="..\..\..\addons\ofxKinectNui\src\kinect\nui\ImageStream.h">
      <Filter>addons\ofxKinectNui\kinect\nui</Filter>
    </ClInclude>
    <ClInclude Include="..\..\..\addons\ofxKinectNui\src\kinect\nui\Kinect.h">
      <Filter>addons\ofxKinectNui\kinect\nui</Filter>
    </ClInclude>
    <ClInclude Include="..\..\..\addons\ofxMSAPhysics\src\MSAPhysics.h">
      <Filter>addons\ofxMSAPhysics</Filter>
    </ClInclude>
    <ClInclude Include="..\..\..\addons\ofxMSAPhysics\src\MSAPhysics2D.h">
      <Filter>addons\ofxMSAPhysics</Filter>
    </ClInclude>
    <ClInclude Include="..\..\..\addons\ofxMSAPhysics\src\MSAPhysics3D.h">
      <Filter>addons\ofxMSAPhysics</Filter>
    </ClInclude>
    <ClInclude Include="..\..\..\addons\ofxMSAPhysics\src\MSAPhysicsAttraction.h">
      <Filter>addons\ofxMSAPhysics</Filter>
    </ClInclude>
    <ClInclude Include="..\..\..\addons\ofxMSAPhysics\src\MSAPhysicsCallbacks.h">
      <Filter>addons\ofxMSAPhysics</Filter>
    </ClInclude>
    <ClInclude Include="..\..\..\addons\ofxMSAPhysics\src\MSAPhysicsConstraint.h">
      <Filter>addons\ofxMSAPhysics</Filter>
    </ClInclude>
    <ClInclude Include="..\..\..\addons\ofxMSAPhysics\src\MSAPhysicsDataRecorder.h">
      <Filter>addons\ofxMSAPhysics</Filter>
    </ClInclude>
    <ClInclude Include="..\..\..\addons\ofxMSAPhysics\src\MSAPhysicsParams.h">
      <Filter>addons\ofxMSAPhysics</Filter>
    </ClInclude>
    <ClInclude Include="..\..\..\addons\ofxMSAPhysics\src\MSAPhysicsParticle.h">
      <Filter>addons\ofxMSAPhysics</Filter>
    </ClInclude>
    <ClInclude Include="..\..\..\addons\ofxMSAPhysics\src\MSAPhysicsParticleDrawer.h">
      <Filter>addons\ofxMSAPhysics</Filter>
    </ClInclude>
    <ClInclude Include="..\..\..\addons\ofxMSAPhysics\src\MSAPhysicsParticleUpdater.h">
      <Filter>addons\ofxMSAPhysics</Filter>
    </ClInclude>
    <ClInclude Include="..\..\..\addons\ofxMSAPhysics\src\MSAPhysicsSector.h">
      <Filter>addons\ofxMSAPhysics</Filter>
    </ClInclude>
    <ClInclude Include="..\..\..\addons\ofxMSAPhysics\src\MSAPhysicsSpring.h">
      <Filter>addons\ofxMSAPhysics</Filter>
    </ClInclude>
    <ClInclude Include="..\..\..\addons\ofxMSAPhysics\src\MSAPhysicsWorld.h">
      <Filter>addons\ofxMSAPhysics</Filter>
    </ClInclude>
    <ClInclude Include="..\..\..\addons\ofxMSACore\src\MSACore.h">
      <Filter>addons\ofxMSACore</Filter>
    </ClInclude>
    <ClInclude Include="..\..\..\addons\ofxMSACore\src\MSACore-Cinder.h">
      <Filter>addons\ofxMSACore</Filter>
    </ClInclude>
    <ClInclude Include="..\..\..\addons\ofxMSACore\src\MSACoreCommon.h">
      <Filter>addons\ofxMSACore</Filter>
    </ClInclude>
    <ClInclude Include="..\..\..\addons\ofxMSACore\src\MSACoreGL.h">
      <Filter>addons\ofxMSACore</Filter>
    </ClInclude>
    <ClInclude Include="..\..\..\addons\ofxMSACore\src\MSACoreMath.h">
      <Filter>addons\ofxMSACore</Filter>
    </ClInclude>
    <ClInclude Include="..\..\..\addons\ofxMSACore\src\MSACore-OF.h">
      <Filter>addons\ofxMSACore</Filter>
    </ClInclude>
    <ClInclude Include="..\..\..\addons\ofxMSAObjCPointer\src\MSAObjCPointer.h">
      <Filter>addons\ofxMSAObjCPointer</Filter>
    </ClInclude>
    <ClInclude Include="src\dancePerformance.h" />
    <ClInclude Include="src\facade.h" />
    <ClInclude Include="..\..\..\addons\ofxOsc\src\ofxOsc.h">
      <Filter>addons\ofxOsc\src</Filter>
    </ClInclude>
    <ClInclude Include="..\..\..\addons\ofxOsc\src\ofxOscArg.h">
      <Filter>addons\ofxOsc\src</Filter>
    </ClInclude>
    <ClInclude Include="..\..\..\addons\ofxOsc\src\ofxOscBundle.h">
      <Filter>addons\ofxOsc\src</Filter>
    </ClInclude>
    <ClInclude Include="..\..\..\addons\ofxOsc\src\ofxOscMessage.h">
      <Filter>addons\ofxOsc\src</Filter>
    </ClInclude>
    <ClInclude Include="..\..\..\addons\ofxOsc\src\ofxOscReceiver.h">
      <Filter>addons\ofxOsc\src</Filter>
    </ClInclude>
    <ClInclude Include="..\..\..\addons\ofxOsc\src\ofxOscSender.h">
      <Filter>addons\ofxOsc\src</Filter>
    </ClInclude>
    <ClInclude Include="..\..\..\addons\ofxOsc\libs\oscpack\src\osc\OscTypes.h">
      <Filter>addons\ofxOsc\libs\oscpack\src\osc</Filter>
    </ClInclude>
    <ClInclude Include="..\..\..\addons\ofxOsc\libs\oscpack\src\osc\MessageMappingOscPacketListener.h">
      <Filter>addons\ofxOsc\libs\oscpack\src\osc</Filter>
    </ClInclude>
    <ClInclude Include="..\..\..\addons\ofxOsc\libs\oscpack\src\osc\OscException.h">
      <Filter>addons\ofxOsc\libs\oscpack\src\osc</Filter>
    </ClInclude>
    <ClInclude Include="..\..\..\addons\ofxOsc\libs\oscpack\src\osc\OscHostEndianness.h">
      <Filter>addons\ofxOsc\libs\oscpack\src\osc</Filter>
    </ClInclude>
    <ClInclude Include="..\..\..\addons\ofxOsc\libs\oscpack\src\osc\OscOutboundPacketStream.h">
      <Filter>addons\ofxOsc\libs\oscpack\src\osc</Filter>
    </ClInclude>
    <ClInclude Include="..\..\..\addons\ofxOsc\libs\oscpack\src\osc\OscPacketListener.h">
      <Filter>addons\ofxOsc\libs\oscpack\src\osc</Filter>
    </ClInclude>
    <ClInclude Include="..\..\..\addons\ofxOsc\libs\oscpack\src\osc\OscPrintReceivedElements.h">
      <Filter>addons\ofxOsc\libs\oscpack\src\osc</Filter>
    </ClInclude>
    <ClInclude Include="..\..\..\addons\ofxOsc\libs\oscpack\src\osc\OscReceivedElements.h">
      <Filter>addons\ofxOsc\libs\oscpack\src\osc</Filter>
    </ClInclude>
    <ClInclude Include="..\..\..\addons\ofxOsc\libs\oscpack\src\ip\IpEndpointName.h">
      <Filter>addons\ofxOsc\libs\oscpack\src\ip</Filter>
    </ClInclude>
    <ClInclude Include="..\..\..\addons\ofxOsc\libs\oscpack\src\ip\NetworkingUtils.h">
      <Filter>addons\ofxOsc\libs\oscpack\src\ip</Filter>
    </ClInclude>
    <ClInclude Include="..\..\..\addons\ofxOsc\libs\oscpack\src\ip\PacketListener.h">
      <Filter>addons\ofxOsc\libs\oscpack\src\ip</Filter>
    </ClInclude>
    <ClInclude Include="..\..\..\addons\ofxOsc\libs\oscpack\src\ip\TimerListener.h">
      <Filter>addons\ofxOsc\libs\oscpack\src\ip</Filter>
    </ClInclude>
    <ClInclude Include="..\..\..\addons\ofxOsc\libs\oscpack\src\ip\UdpSocket.h">
      <Filter>addons\ofxOsc\libs\oscpack\src\ip</Filter>
    </ClInclude>
    <ClInclude Include="src\receiver.h" />
    <ClInclude Include="src\gestures.h" />
    <ClInclude Include="src\server.h" />
    <ClInclude Include="src\NanoSoftSensor.h" />
    <ClInclude Include="src\config.h" />
    <ClInclude Include="..\..\..\addons\ofxXmlSettings\src\ofxXmlSettings.h">
      <Filter>addons\ofxXmlSettings\src</Filter>
    </ClInclude>
    <ClInclude Include="..\..\..\addons\ofxXmlSettings\libs\tinyxml.h">
      <Filter>addons\ofxXmlSettings\libs</Filter>
    </ClInclude>
  </ItemGroup>
  <ItemGroup>
    <Filter Include="addons">
      <UniqueIdentifier>{d79abca0-5b91-4000-9e03-3b535f96d5b9}</UniqueIdentifier>
    </Filter>
    <Filter Include="addons\ofxKinectNui">
      <UniqueIdentifier>{ba90465b-9300-4ba1-9b02-99674af66454}</UniqueIdentifier>
    </Filter>
    <Filter Include="addons\ofxKinectNui\kinect">
      <UniqueIdentifier>{979fab66-2553-4157-bb82-f29fdc5965cf}</UniqueIdentifier>
    </Filter>
    <Filter Include="addons\ofxKinectNui\win32">
      <UniqueIdentifier>{3d74c900-1db4-428b-a2ff-e196695a36a3}</UniqueIdentifier>
    </Filter>
    <Filter Include="addons\ofxKinectNui\kinect\nui">
      <UniqueIdentifier>{8136389c-6cd1-47d5-832c-75f8abcf6b44}</UniqueIdentifier>
    </Filter>
    <Filter Include="addons\ofxMSAPhysics">
      <UniqueIdentifier>{0c21aac6-2a81-4090-8f91-813fbc1934c4}</UniqueIdentifier>
    </Filter>
    <Filter Include="addons\ofxMSACore">
      <UniqueIdentifier>{1621cfdf-e60f-4924-a982-b1ab20894642}</UniqueIdentifier>
    </Filter>
    <Filter Include="addons\ofxMSAObjCPointer">
      <UniqueIdentifier>{c3e9e289-4acf-4ac9-88a1-4fb93b492577}</UniqueIdentifier>
    </Filter>
    <Filter Include="addons\ofxOsc">
      <UniqueIdentifier>{12ab23be-61cf-4af8-8023-7debb6986304}</UniqueIdentifier>
    </Filter>
    <Filter Include="addons\ofxOsc\libs">
      <UniqueIdentifier>{80d1a87d-f4d4-445f-a1f1-f8574e7d4e0c}</UniqueIdentifier>
    </Filter>
    <Filter Include="addons\ofxOsc\libs\oscpack">
      <UniqueIdentifier>{b5ffd2a4-7618-4f7a-a14e-068e89309117}</UniqueIdentifier>
    </Filter>
    <Filter Include="addons\ofxOsc\libs\oscpack\src">
      <UniqueIdentifier>{40fa0656-f038-46c7-93e8-feada8d92a08}</UniqueIdentifier>
    </Filter>
    <Filter Include="addons\ofxOsc\libs\oscpack\src\ip">
      <UniqueIdentifier>{bcd39fe5-47bd-4b97-b8e2-2c3042923675}</UniqueIdentifier>
    </Filter>
    <Filter Include="addons\ofxOsc\libs\oscpack\src\osc">
      <UniqueIdentifier>{ef2c3915-8814-457a-9177-c55a10d3afb6}</UniqueIdentifier>
    </Filter>
    <Filter Include="addons\ofxOsc\src">
      <UniqueIdentifier>{db6c95f5-3203-4076-9f33-523ea9e48079}</UniqueIdentifier>
    </Filter>
    <Filter Include="addons\ofxOsc\libs\oscpack\src\ip\posix">
      <UniqueIdentifier>{850b079d-b88a-4a2d-894c-5654b6d40c50}</UniqueIdentifier>
    </Filter>
    <Filter Include="addons\ofxOsc\libs\oscpack\src\ip\win32">
      <UniqueIdentifier>{9c25c451-2fd7-4425-818a-cac67182d3a3}</UniqueIdentifier>
    </Filter>
    <Filter Include="addons\ofxXmlSettings">
      <UniqueIdentifier>{51f2d6a1-5e58-43a6-b204-87f45c96a27a}</UniqueIdentifier>
    </Filter>
    <Filter Include="addons\ofxXmlSettings\src">
      <UniqueIdentifier>{d1d49c16-feda-4ced-a176-2d9069f98e57}</UniqueIdentifier>
    </Filter>
    <Filter Include="addons\ofxXmlSettings\libs">
      <UniqueIdentifier>{b2499009-7d30-4002-bd5f-a44ec72465cd}</UniqueIdentifier>
    </Filter>
  </ItemGroup>
</Project>