<?xml version="1.0" encoding="utf-8"?>
<Project ToolsVersion="4.0" xmlns="http://schemas.microsoft.com/developer/msbuild/2003">
  <ItemGroup>
    <ClCompile Include="src\main.cpp" />
    <ClCompile Include="src\testApp.cpp" />
    <ClCompile Include="..\..\..\addons\ofxKinectNui\src\kinect\nui\AudioStream.cpp">
      <Filter>addons\ofxKinectNui</Filter>
    </ClCompile>
    <ClCompile Include="..\..\..\addons\ofxKinectNui\src\kinect\nui\ImageFrame.cpp">
      <Filter>addons\ofxKinectNui</Filter>
    </ClCompile>
    <ClCompile Include="..\..\..\addons\ofxKinectNui\src\kinect\nui\ImageStream.cpp">
      <Filter>addons\ofxKinectNui</Filter>
    </ClCompile>
    <ClCompile Include="..\..\..\addons\ofxKinectNui\src\kinect\nui\Kinect.cpp">
      <Filter>addons\ofxKinectNui</Filter>
    </ClCompile>
    <ClCompile Include="..\..\..\addons\ofxKinectNui\src\kinect\nui\KinectContext.cpp">
      <Filter>addons\ofxKinectNui</Filter>
    </ClCompile>
    <ClCompile Include="..\..\..\addons\ofxKinectNui\src\kinect\nui\SkeletonEngine.cpp">
      <Filter>addons\ofxKinectNui</Filter>
    </ClCompile>
    <ClCompile Include="..\..\..\addons\ofxKinectNui\src\kinect\nui\SkeletonFrame.cpp">
      <Filter>addons\ofxKinectNui</Filter>
    </ClCompile>
    <ClCompile Include="..\..\..\addons\ofxKinectNui\src\ofxKinectNui.cpp">
      <Filter>addons\ofxKinectNui</Filter>
    </ClCompile>
    <ClCompile Include="..\..\..\addons\ofxKinectNui\src\ofxKinectNuiDraw.cpp">
      <Filter>addons\ofxKinectNui</Filter>
    </ClCompile>
    <ClCompile Include="..\..\..\addons\ofxKinectNui\src\ofxKinectNuiPlayer.cpp">
      <Filter>addons\ofxKinectNui</Filter>
    </ClCompile>
    <ClCompile Include="..\..\..\addons\ofxKinectNui\src\ofxKinectNuiRecorder.cpp">
      <Filter>addons\ofxKinectNui</Filter>
    </ClCompile>
    <ClCompile Include="..\..\..\addons\ofxKinectNui\src\ofxKinectNuiSoundRecorder.cpp">
      <Filter>addons\ofxKinectNui</Filter>
    </ClCompile>
    <ClCompile Include="..\..\..\addons\ofxKinectNui\src\win32\Event.cpp">
      <Filter>addons\ofxKinectNui</Filter>
    </ClCompile>
    <ClCompile Include="..\..\..\addons\ofxOpenCv\src\ofxCvColorImage.cpp">
      <Filter>addons\ofxOpenCv</Filter>
    </ClCompile>
    <ClCompile Include="..\..\..\addons\ofxOpenCv\src\ofxCvContourFinder.cpp">
      <Filter>addons\ofxOpenCv</Filter>
    </ClCompile>
    <ClCompile Include="..\..\..\addons\ofxOpenCv\src\ofxCvFloatImage.cpp">
      <Filter>addons\ofxOpenCv</Filter>
    </ClCompile>
    <ClCompile Include="..\..\..\addons\ofxOpenCv\src\ofxCvGrayscaleImage.cpp">
      <Filter>addons\ofxOpenCv</Filter>
    </ClCompile>
    <ClCompile Include="..\..\..\addons\ofxOpenCv\src\ofxCvHaarFinder.cpp">
      <Filter>addons\ofxOpenCv</Filter>
    </ClCompile>
    <ClCompile Include="..\..\..\addons\ofxOpenCv\src\ofxCvImage.cpp">
      <Filter>addons\ofxOpenCv</Filter>
    </ClCompile>
    <ClCompile Include="..\..\..\addons\ofxOpenCv\src\ofxCvShortImage.cpp">
      <Filter>addons\ofxOpenCv</Filter>
    </ClCompile>
    <ClCompile Include="..\..\..\addons\ofxXmlSettings\src\ofxXmlSettings.cpp">
      <Filter>addons\ofxXmlSettings</Filter>
    </ClCompile>
    <ClCompile Include="..\..\..\addons\ofxXmlSettings\libs\tinyxml.cpp">
      <Filter>addons\ofxXmlSettings</Filter>
    </ClCompile>
    <ClCompile Include="..\..\..\addons\ofxXmlSettings\libs\tinyxmlerror.cpp">
      <Filter>addons\ofxXmlSettings</Filter>
    </ClCompile>
    <ClCompile Include="..\..\..\addons\ofxXmlSettings\libs\tinyxmlparser.cpp">
      <Filter>addons\ofxXmlSettings</Filter>
    </ClCompile>
  </ItemGroup>
  <ItemGroup>
    <ClInclude Include="src\testApp.h" />
    <ClInclude Include="..\..\..\addons\ofxKinectNui\src\kinect\nui\AudioStream.h">
      <Filter>addons\ofxKinectNui</Filter>
    </ClInclude>
    <ClInclude Include="..\..\..\addons\ofxKinectNui\src\kinect\nui\ImageFrame.h">
      <Filter>addons\ofxKinectNui</Filter>
    </ClInclude>
    <ClInclude Include="..\..\..\addons\ofxKinectNui\src\kinect\nui\ImageStream.h">
      <Filter>addons\ofxKinectNui</Filter>
    </ClInclude>
    <ClInclude Include="..\..\..\addons\ofxKinectNui\src\kinect\nui\Kinect.h">
      <Filter>addons\ofxKinectNui</Filter>
    </ClInclude>
    <ClInclude Include="..\..\..\addons\ofxKinectNui\src\kinect\nui\KinectContext.h">
      <Filter>addons\ofxKinectNui</Filter>
    </ClInclude>
    <ClInclude Include="..\..\..\addons\ofxKinectNui\src\kinect\nui\KinectListener.h">
      <Filter>addons\ofxKinectNui</Filter>
    </ClInclude>
    <ClInclude Include="..\..\..\addons\ofxKinectNui\src\kinect\nui\SkeletonEngine.h">
      <Filter>addons\ofxKinectNui</Filter>
    </ClInclude>
    <ClInclude Include="..\..\..\addons\ofxKinectNui\src\kinect\nui\SkeletonFrame.h">
      <Filter>addons\ofxKinectNui</Filter>
    </ClInclude>
    <ClInclude Include="..\..\..\addons\ofxKinectNui\src\kinect\nui\StaticMediaBuffer.h">
      <Filter>addons\ofxKinectNui</Filter>
    </ClInclude>
    <ClInclude Include="..\..\..\addons\ofxKinectNui\src\kinect\nui\WaveFileWriter.h">
      <Filter>addons\ofxKinectNui</Filter>
    </ClInclude>
    <ClInclude Include="..\..\..\addons\ofxKinectNui\src\kinect\nui\WaveOutput.h">
      <Filter>addons\ofxKinectNui</Filter>
    </ClInclude>
    <ClInclude Include="..\..\..\addons\ofxKinectNui\src\ofxBase3DVideo.h">
      <Filter>addons\ofxKinectNui</Filter>
    </ClInclude>
    <ClInclude Include="..\..\..\addons\ofxKinectNui\src\ofxKinectNui.h">
      <Filter>addons\ofxKinectNui</Filter>
    </ClInclude>
    <ClInclude Include="..\..\..\addons\ofxKinectNui\src\ofxKinectNuiDraw.h">
      <Filter>addons\ofxKinectNui</Filter>
    </ClInclude>
    <ClInclude Include="..\..\..\addons\ofxKinectNui\src\ofxKinectNuiDrawInterface.h">
      <Filter>addons\ofxKinectNui</Filter>
    </ClInclude>
    <ClInclude Include="..\..\..\addons\ofxKinectNui\src\ofxKinectNuiPlayer.h">
      <Filter>addons\ofxKinectNui</Filter>
    </ClInclude>
    <ClInclude Include="..\..\..\addons\ofxKinectNui\src\ofxKinectNuiRecorder.h">
      <Filter>addons\ofxKinectNui</Filter>
    </ClInclude>
    <ClInclude Include="..\..\..\addons\ofxKinectNui\src\ofxKinectNuiSoundRecorder.h">
      <Filter>addons\ofxKinectNui</Filter>
    </ClInclude>
    <ClInclude Include="..\..\..\addons\ofxKinectNui\src\win32\Event.h">
      <Filter>addons\ofxKinectNui</Filter>
    </ClInclude>
    <ClInclude Include="..\..\..\addons\ofxKinectNui\src\win32\SpinLock.h">
      <Filter>addons\ofxKinectNui</Filter>
    </ClInclude>
    <ClInclude Include="..\..\..\addons\ofxOpenCv\src\ofxCvBlob.h">
      <Filter>addons\ofxOpenCv</Filter>
    </ClInclude>
    <ClInclude Include="..\..\..\addons\ofxOpenCv\src\ofxCvColorImage.h">
      <Filter>addons\ofxOpenCv</Filter>
    </ClInclude>
    <ClInclude Include="..\..\..\addons\ofxOpenCv\src\ofxCvConstants.h">
      <Filter>addons\ofxOpenCv</Filter>
    </ClInclude>
    <ClInclude Include="..\..\..\addons\ofxOpenCv\src\ofxCvContourFinder.h">
      <Filter>addons\ofxOpenCv</Filter>
    </ClInclude>
    <ClInclude Include="..\..\..\addons\ofxOpenCv\src\ofxCvFloatImage.h">
      <Filter>addons\ofxOpenCv</Filter>
    </ClInclude>
    <ClInclude Include="..\..\..\addons\ofxOpenCv\src\ofxCvGrayscaleImage.h">
      <Filter>addons\ofxOpenCv</Filter>
    </ClInclude>
    <ClInclude Include="..\..\..\addons\ofxOpenCv\src\ofxCvHaarFinder.h">
      <Filter>addons\ofxOpenCv</Filter>
    </ClInclude>
    <ClInclude Include="..\..\..\addons\ofxOpenCv\src\ofxCvImage.h">
      <Filter>addons\ofxOpenCv</Filter>
    </ClInclude>
    <ClInclude Include="..\..\..\addons\ofxOpenCv\src\ofxCvMain.h">
      <Filter>addons\ofxOpenCv</Filter>
    </ClInclude>
    <ClInclude Include="..\..\..\addons\ofxOpenCv\src\ofxCvShortImage.h">
      <Filter>addons\ofxOpenCv</Filter>
    </ClInclude>
    <ClInclude Include="..\..\..\addons\ofxOpenCv\src\ofxOpenCv.h">
      <Filter>addons\ofxOpenCv</Filter>
    </ClInclude>
    <ClInclude Include="..\..\..\addons\ofxXmlSettings\src\ofxXmlSettings.h">
      <Filter>addons\ofxXmlSettings</Filter>
    </ClInclude>
    <ClInclude Include="..\..\..\addons\ofxXmlSettings\libs\tinyxml.h">
      <Filter>addons\ofxXmlSettings</Filter>
    </ClInclude>
  </ItemGroup>
  <ItemGroup>
    <Filter Include="addons">
      <UniqueIdentifier>{d79abca0-5b91-4000-9e03-3b535f96d5b9}</UniqueIdentifier>
    </Filter>
    <Filter Include="addons\ofxKinectNui">
      <UniqueIdentifier>{41a2b0ca-3ef8-475b-97c2-628cf256ce13}</UniqueIdentifier>
    </Filter>
    <Filter Include="addons\ofxOpenCv">
      <UniqueIdentifier>{48d0fcd4-5ee6-4547-8637-36abae36b0c1}</UniqueIdentifier>
    </Filter>
    <Filter Include="addons\ofxXmlSettings">
      <UniqueIdentifier>{eec6a382-f6b8-4560-a268-985cee5e5d04}</UniqueIdentifier>
    </Filter>
  </ItemGroup>
</Project>