<?xml version="1.0" encoding="utf-8"?>
<Project ToolsVersion="4.0" xmlns="http://schemas.microsoft.com/developer/msbuild/2003">
  <ItemGroup>
    <ClCompile Include="src\main.cpp" />
    <ClCompile Include="..\..\..\addons\ofxKinectNui\src\ofxKinectNui.cpp">
      <Filter>addons\ofxKinectNui</Filter>
    </ClCompile>
    <ClCompile Include="..\..\..\addons\ofxKinectNui\src\ofxKinectNuiDraw.cpp">
      <Filter>addons\ofxKinectNui</Filter>
    </ClCompile>
    <ClCompile Include="..\..\..\addons\ofxKinectNui\src\ofxKinectNuiPlayer.cpp">
      <Filter>addons\ofxKinectNui</Filter>
    </ClCompile>
    <ClCompile Include="..\..\..\addons\ofxKinectNui\src\ofxKinectNuiRecorder.cpp">
      <Filter>addons\ofxKinectNui</Filter>
    </ClCompile>
    <ClCompile Include="..\..\..\addons\ofxKinectNui\src\ofxKinectNuiSoundRecorder.cpp">
      <Filter>addons\ofxKinectNui</Filter>
    </ClCompile>
    <ClCompile Include="..\..\..\addons\ofxKinectNui\src\win32\Event.cpp">
      <Filter>addons\ofxKinectNui\win32</Filter>
    </ClCompile>
    <ClCompile Include="..\..\..\addons\ofxKinectNui\src\kinect\nui\KinectContext.cpp">
      <Filter>addons\ofxKinectNui\kinect\nui</Filter>
    </ClCompile>
    <ClCompile Include="..\..\..\addons\ofxKinectNui\src\kinect\nui\SkeletonEngine.cpp">
      <Filter>addons\ofxKinectNui\kinect\nui</Filter>
    </ClCompile>
    <ClCompile Include="..\..\..\addons\ofxKinectNui\src\kinect\nui\SkeletonFrame.cpp">
      <Filter>addons\ofxKinectNui\kinect\nui</Filter>
    </ClCompile>
    <ClCompile Include="..\..\..\addons\ofxKinectNui\src\kinect\nui\AudioStream.cpp">
      <Filter>addons\ofxKinectNui\kinect\nui</Filter>
    </ClCompile>
    <ClCompile Include="..\..\..\addons\ofxKinectNui\src\kinect\nui\ImageFrame.cpp">
      <Filter>addons\ofxKinectNui\kinect\nui</Filter>
    </ClCompile>
    <ClCompile Include="..\..\..\addons\ofxKinectNui\src\kinect\nui\ImageStream.cpp">
      <Filter>addons\ofxKinectNui\kinect\nui</Filter>
    </ClCompile>
    <ClCompile Include="..\..\..\addons\ofxKinectNui\src\kinect\nui\Kinect.cpp">
      <Filter>addons\ofxKinectNui\kinect\nui</Filter>
    </ClCompile>
    <ClCompile Include="..\..\..\addons\ofxMSACore\src\MSACoreGL.cpp">
      <Filter>addons\ofxMSACore</Filter>
    </ClCompile>
    <ClCompile Include="..\..\..\addons\ofxMSAObjCPointer\src\MSAObjCPointer.cpp">
      <Filter>addons\ofxMSAObjCPointer</Filter>
    </ClCompile>
    <ClCompile Include="..\..\..\addons\ofxXmlSettings\src\ofxXmlSettings.cpp">
      <Filter>addons\ofxXmlSettings\src</Filter>
    </ClCompile>
    <ClCompile Include="..\..\..\addons\ofxXmlSettings\libs\tinyxml.cpp">
      <Filter>addons\ofxXmlSettings\libs</Filter>
    </ClCompile>
    <ClCompile Include="..\..\..\addons\ofxXmlSettings\libs\tinyxmlerror.cpp">
      <Filter>addons\ofxXmlSettings\libs</Filter>
    </ClCompile>
    <ClCompile Include="..\..\..\addons\ofxXmlSettings\libs\tinyxmlparser.cpp">
      <Filter>addons\ofxXmlSettings\libs</Filter>
    </ClCompile>
    <ClCompile Include="src\dancePerformance.cpp" />
    <ClCompile Include="src\facade.cpp" />
  </ItemGroup>
  <ItemGroup>
    <ClInclude Include="..\..\..\addons\ofxKinectNui\src\ofxKinectNuiSoundRecorder.h">
      <Filter>addons\ofxKinectNui</Filter>
    </ClInclude>
    <ClInclude Include="..\..\..\addons\ofxKinectNui\src\ofxBase3DVideo.h">
      <Filter>addons\ofxKinectNui</Filter>
    </ClInclude>
    <ClInclude Include="..\..\..\addons\ofxKinectNui\src\ofxKinectNui.h">
      <Filter>addons\ofxKinectNui</Filter>
    </ClInclude>
    <ClInclude Include="..\..\..\addons\ofxKinectNui\src\ofxKinectNuiDraw.h">
      <Filter>addons\ofxKinectNui</Filter>
    </ClInclude>
    <ClInclude Include="..\..\..\addons\ofxKinectNui\src\ofxKinectNuiDrawInterface.h">
      <Filter>addons\ofxKinectNui</Filter>
    </ClInclude>
    <ClInclude Include="..\..\..\addons\ofxKinectNui\src\ofxKinectNuiPlayer.h">
      <Filter>addons\ofxKinectNui</Filter>
    </ClInclude>
    <ClInclude Include="..\..\..\addons\ofxKinectNui\src\ofxKinectNuiRecorder.h">
      <Filter>addons\ofxKinectNui</Filter>
    </ClInclude>
    <ClInclude Include="..\..\..\addons\ofxKinectNui\src\win32\Event.h">
      <Filter>addons\ofxKinectNui\win32</Filter>
    </ClInclude>
    <ClInclude Include="..\..\..\addons\ofxKinectNui\src\win32\SpinLock.h">
      <Filter>addons\ofxKinectNui\win32</Filter>
    </ClInclude>
    <ClInclude Include="..\..\..\addons\ofxKinectNui\src\kinect\nui\KinectContext.h">
      <Filter>addons\ofxKinectNui\kinect\nui</Filter>
    </ClInclude>
    <ClInclude Include="..\..\..\addons\ofxKinectNui\src\kinect\nui\KinectListener.h">
      <Filter>addons\ofxKinectNui\kinect\nui</Filter>
    </ClInclude>
    <ClInclude Include="..\..\..\addons\ofxKinectNui\src\kinect\nui\SkeletonEngine.h">
      <Filter>addons\ofxKinectNui\kinect\nui</Filter>
    </ClInclude>
    <ClInclude Include="..\..\..\addons\ofxKinectNui\src\kinect\nui\SkeletonFrame.h">
      <Filter>addons\ofxKinectNui\kinect\nui</Filter>
    </ClInclude>
    <ClInclude Include="..\..\..\addons\ofxKinectNui\src\kinect\nui\StaticMediaBuffer.h">
      <Filter>addons\ofxKinectNui\kinect\nui</Filter>
    </ClInclude>
    <ClInclude Include="..\..\..\addons\ofxKinectNui\src\kinect\nui\WaveFileWriter.h">
      <Filter>addons\ofxKinectNui\kinect\nui</Filter>
    </ClInclude>
    <ClInclude Include="..\..\..\addons\ofxKinectNui\src\kinect\nui\WaveOutput.h">
      <Filter>addons\ofxKinectNui\kinect\nui</Filter>
    </ClInclude>
    <ClInclude Include="..\..\..\addons\ofxKinectNui\src\kinect\nui\AudioStream.h">
      <Filter>addons\ofxKinectNui\kinect\nui</Filter>
    </ClInclude>
    <ClInclude Include="..\..\..\addons\ofxKinectNui\src\kinect\nui\ImageFrame.h">
      <Filter>addons\ofxKinectNui\kinect\nui</Filter>
    </ClInclude>
    <ClInclude Include="..\..\..\addons\ofxKinectNui\src\kinect\nui\ImageStream.h">
      <Filter>addons\ofxKinectNui\kinect\nui</Filter>
    </ClInclude>
    <ClInclude Include="..\..\..\addons\ofxKinectNui\src\kinect\nui\Kinect.h">
      <Filter>addons\ofxKinectNui\kinect\nui</Filter>
    </ClInclude>
    <ClInclude Include="..\..\..\addons\ofxMSAPhysics\src\MSAPhysics.h">
      <Filter>addons\ofxMSAPhysics</Filter>
    </ClInclude>
    <ClInclude Include="..\..\..\addons\ofxMSAPhysics\src\MSAPhysics2D.h">
      <Filter>addons\ofxMSAPhysics</Filter>
    </ClInclude>
    <ClInclude Include="..\..\..\addons\ofxMSAPhysics\src\MSAPhysics3D.h">
      <Filter>addons\ofxMSAPhysics</Filter>
    </ClInclude>
    <ClInclude Include="..\..\..\addons\ofxMSAPhysics\src\MSAPhysicsAttraction.h">
      <Filter>addons\ofxMSAPhysics</Filter>
    </ClInclude>
    <ClInclude Include="..\..\..\addons\ofxMSAPhysics\src\MSAPhysicsCallbacks.h">
      <Filter>addons\ofxMSAPhysics</Filter>
    </ClInclude>
    <ClInclude Include="..\..\..\addons\ofxMSAPhysics\src\MSAPhysicsConstraint.h">
      <Filter>addons\ofxMSAPhysics</Filter>
    </ClInclude>
    <ClInclude Include="..\..\..\addons\ofxMSAPhysics\src\MSAPhysicsDataRecorder.h">
      <Filter>addons\ofxMSAPhysics</Filter>
    </ClInclude>
    <ClInclude Include="..\..\..\addons\ofxMSAPhysics\src\MSAPhysicsParams.h">
      <Filter>addons\ofxMSAPhysics</Filter>
    </ClInclude>
    <ClInclude Include="..\..\..\addons\ofxMSAPhysics\src\MSAPhysicsParticle.h">
      <Filter>addons\ofxMSAPhysics</Filter>
    </ClInclude>
    <ClInclude Include="..\..\..\addons\ofxMSAPhysics\src\MSAPhysicsParticleDrawer.h">
      <Filter>addons\ofxMSAPhysics</Filter>
    </ClInclude>
    <ClInclude Include="..\..\..\addons\ofxMSAPhysics\src\MSAPhysicsParticleUpdater.h">
      <Filter>addons\ofxMSAPhysics</Filter>
    </ClInclude>
    <ClInclude Include="..\..\..\addons\ofxMSAPhysics\src\MSAPhysicsSector.h">
      <Filter>addons\ofxMSAPhysics</Filter>
    </ClInclude>
    <ClInclude Include="..\..\..\addons\ofxMSAPhysics\src\MSAPhysicsSpring.h">
      <Filter>addons\ofxMSAPhysics</Filter>
    </ClInclude>
    <ClInclude Include="..\..\..\addons\ofxMSAPhysics\src\MSAPhysicsWorld.h">
      <Filter>addons\ofxMSAPhysics</Filter>
    </ClInclude>
    <ClInclude Include="..\..\..\addons\ofxMSACore\src\MSACore.h">
      <Filter>addons\ofxMSACore</Filter>
    </ClInclude>
    <ClInclude Include="..\..\..\addons\ofxMSACore\src\MSACore-Cinder.h">
      <Filter>addons\ofxMSACore</Filter>
    </ClInclude>
    <ClInclude Include="..\..\..\addons\ofxMSACore\src\MSACoreCommon.h">
      <Filter>addons\ofxMSACore</Filter>
    </ClInclude>
    <ClInclude Include="..\..\..\addons\ofxMSACore\src\MSACoreGL.h">
      <Filter>addons\ofxMSACore</Filter>
    </ClInclude>
    <ClInclude Include="..\..\..\addons\ofxMSACore\src\MSACoreMath.h">
      <Filter>addons\ofxMSACore</Filter>
    </ClInclude>
    <ClInclude Include="..\..\..\addons\ofxMSACore\src\MSACore-OF.h">
      <Filter>addons\ofxMSACore</Filter>
    </ClInclude>
    <ClInclude Include="..\..\..\addons\ofxMSAObjCPointer\src\MSAObjCPointer.h">
      <Filter>addons\ofxMSAObjCPointer</Filter>
    </ClInclude>
    <ClInclude Include="..\..\..\addons\ofxUI\src\ofxUIImageSampler.h">
      <Filter>addons\ofxUI</Filter>
    </ClInclude>
    <ClInclude Include="..\..\..\addons\ofxUI\src\ofxUIImageSlider.h">
      <Filter>addons\ofxUI</Filter>
    </ClInclude>
    <ClInclude Include="..\..\..\addons\ofxUI\src\ofxUIImageToggle.h">
      <Filter>addons\ofxUI</Filter>
    </ClInclude>
    <ClInclude Include="..\..\..\addons\ofxUI\src\ofxUILabel.h">
      <Filter>addons\ofxUI</Filter>
    </ClInclude>
    <ClInclude Include="..\..\..\addons\ofxUI\src\ofxUILabelButton.h">
      <Filter>addons\ofxUI</Filter>
    </ClInclude>
    <ClInclude Include="..\..\..\addons\ofxUI\src\ofxUILabelToggle.h">
      <Filter>addons\ofxUI</Filter>
    </ClInclude>
    <ClInclude Include="..\..\..\addons\ofxUI\src\ofxUIMinimalSlider.h">
      <Filter>addons\ofxUI</Filter>
    </ClInclude>
    <ClInclude Include="..\..\..\addons\ofxUI\src\ofxUIMovingGraph.h">
      <Filter>addons\ofxUI</Filter>
    </ClInclude>
    <ClInclude Include="..\..\..\addons\ofxUI\src\ofxUIMultiImageButton.h">
      <Filter>addons\ofxUI</Filter>
    </ClInclude>
    <ClInclude Include="..\..\..\addons\ofxUI\src\ofxUIMultiImageSlider.h">
      <Filter>addons\ofxUI</Filter>
    </ClInclude>
    <ClInclude Include="..\..\..\addons\ofxUI\src\ofxUIMultiImageToggle.h">
      <Filter>addons\ofxUI</Filter>
    </ClInclude>
    <ClInclude Include="..\..\..\addons\ofxUI\src\ofxUINumberDialer.h">
      <Filter>addons\ofxUI</Filter>
    </ClInclude>
    <ClInclude Include="..\..\..\addons\ofxUI\src\ofxUIRadio.h">
      <Filter>addons\ofxUI</Filter>
    </ClInclude>
    <ClInclude Include="..\..\..\addons\ofxUI\src\ofxUIRangeSlider.h">
      <Filter>addons\ofxUI</Filter>
    </ClInclude>
    <ClInclude Include="..\..\..\addons\ofxUI\src\ofxUIRectangle.h">
      <Filter>addons\ofxUI</Filter>
    </ClInclude>
    <ClInclude Include="..\..\..\addons\ofxUI\src\ofxUIRotarySlider.h">
      <Filter>addons\ofxUI</Filter>
    </ClInclude>
    <ClInclude Include="..\..\..\addons\ofxUI\src\ofxUIScrollableCanvas.h">
      <Filter>addons\ofxUI</Filter>
    </ClInclude>
    <ClInclude Include="..\..\..\addons\ofxUI\src\ofxUISlider.h">
      <Filter>addons\ofxUI</Filter>
    </ClInclude>
    <ClInclude Include="..\..\..\addons\ofxUI\src\ofxUISpacer.h">
      <Filter>addons\ofxUI</Filter>
    </ClInclude>
    <ClInclude Include="..\..\..\addons\ofxUI\src\ofxUISpectrum.h">
      <Filter>addons\ofxUI</Filter>
    </ClInclude>
    <ClInclude Include="..\..\..\addons\ofxUI\src\ofxUITextArea.h">
      <Filter>addons\ofxUI</Filter>
    </ClInclude>
    <ClInclude Include="..\..\..\addons\ofxUI\src\ofxUITextInput.h">
      <Filter>addons\ofxUI</Filter>
    </ClInclude>
    <ClInclude Include="..\..\..\addons\ofxUI\src\ofxUIToggle.h">
      <Filter>addons\ofxUI</Filter>
    </ClInclude>
    <ClInclude Include="..\..\..\addons\ofxUI\src\ofxUIToggleMatrix.h">
      <Filter>addons\ofxUI</Filter>
    </ClInclude>
    <ClInclude Include="..\..\..\addons\ofxUI\src\ofxUIWaveform.h">
      <Filter>addons\ofxUI</Filter>
    </ClInclude>
    <ClInclude Include="..\..\..\addons\ofxUI\src\ofxUIWidget.h">
      <Filter>addons\ofxUI</Filter>
    </ClInclude>
    <ClInclude Include="..\..\..\addons\ofxUI\src\ofxUIWidgetWithLabel.h">
      <Filter>addons\ofxUI</Filter>
    </ClInclude>
    <ClInclude Include="..\..\..\addons\ofxUI\src\ofxUI.h">
      <Filter>addons\ofxUI</Filter>
    </ClInclude>
    <ClInclude Include="..\..\..\addons\ofxUI\src\ofxUI2DPad.h">
      <Filter>addons\ofxUI</Filter>
    </ClInclude>
    <ClInclude Include="..\..\..\addons\ofxUI\src\ofxUIBaseDraws.h">
      <Filter>addons\ofxUI</Filter>
    </ClInclude>
    <ClInclude Include="..\..\..\addons\ofxUI\src\ofxUIBiLabelSlider.h">
      <Filter>addons\ofxUI</Filter>
    </ClInclude>
    <ClInclude Include="..\..\..\addons\ofxUI\src\ofxUIButton.h">
      <Filter>addons\ofxUI</Filter>
    </ClInclude>
    <ClInclude Include="..\..\..\addons\ofxUI\src\ofxUICanvas.h">
      <Filter>addons\ofxUI</Filter>
    </ClInclude>
    <ClInclude Include="..\..\..\addons\ofxUI\src\ofxUICircleSlider.h">
      <Filter>addons\ofxUI</Filter>
    </ClInclude>
    <ClInclude Include="..\..\..\addons\ofxUI\src\ofxUICustomImageButton.h">
      <Filter>addons\ofxUI</Filter>
    </ClInclude>
    <ClInclude Include="..\..\..\addons\ofxUI\src\ofxUIDropDownList.h">
      <Filter>addons\ofxUI</Filter>
    </ClInclude>
    <ClInclude Include="..\..\..\addons\ofxUI\src\ofxUIEventArgs.h">
      <Filter>addons\ofxUI</Filter>
    </ClInclude>
    <ClInclude Include="..\..\..\addons\ofxUI\src\ofxUIFPS.h">
      <Filter>addons\ofxUI</Filter>
    </ClInclude>
    <ClInclude Include="..\..\..\addons\ofxUI\src\ofxUIFPSSlider.h">
      <Filter>addons\ofxUI</Filter>
    </ClInclude>
    <ClInclude Include="..\..\..\addons\ofxUI\src\ofxUIImage.h">
      <Filter>addons\ofxUI</Filter>
    </ClInclude>
    <ClInclude Include="..\..\..\addons\ofxUI\src\ofxUIImageButton.h">
      <Filter>addons\ofxUI</Filter>
    </ClInclude>
    <ClInclude Include="..\..\..\addons\ofxXmlSettings\src\ofxXmlSettings.h">
      <Filter>addons\ofxXmlSettings\src</Filter>
    </ClInclude>
    <ClInclude Include="..\..\..\addons\ofxXmlSettings\libs\tinyxml.h">
      <Filter>addons\ofxXmlSettings\libs</Filter>
    </ClInclude>
    <ClInclude Include="src\dancePerformance.h" />
    <ClInclude Include="src\panelUI.h" />
    <ClInclude Include="src\facade.h" />
  </ItemGroup>
  <ItemGroup>
    <Filter Include="addons">
      <UniqueIdentifier>{d79abca0-5b91-4000-9e03-3b535f96d5b9}</UniqueIdentifier>
    </Filter>
    <Filter Include="addons\ofxKinectNui">
      <UniqueIdentifier>{ba90465b-9300-4ba1-9b02-99674af66454}</UniqueIdentifier>
    </Filter>
    <Filter Include="addons\ofxKinectNui\kinect">
      <UniqueIdentifier>{979fab66-2553-4157-bb82-f29fdc5965cf}</UniqueIdentifier>
    </Filter>
    <Filter Include="addons\ofxKinectNui\win32">
      <UniqueIdentifier>{3d74c900-1db4-428b-a2ff-e196695a36a3}</UniqueIdentifier>
    </Filter>
    <Filter Include="addons\ofxKinectNui\kinect\nui">
      <UniqueIdentifier>{8136389c-6cd1-47d5-832c-75f8abcf6b44}</UniqueIdentifier>
    </Filter>
    <Filter Include="addons\ofxMSAPhysics">
      <UniqueIdentifier>{0c21aac6-2a81-4090-8f91-813fbc1934c4}</UniqueIdentifier>
    </Filter>
    <Filter Include="addons\ofxMSACore">
      <UniqueIdentifier>{1621cfdf-e60f-4924-a982-b1ab20894642}</UniqueIdentifier>
    </Filter>
    <Filter Include="addons\ofxMSAObjCPointer">
      <UniqueIdentifier>{c3e9e289-4acf-4ac9-88a1-4fb93b492577}</UniqueIdentifier>
    </Filter>
    <Filter Include="addons\ofxUI">
      <UniqueIdentifier>{192c2434-056a-4a22-b61a-3ccc32b6283f}</UniqueIdentifier>
    </Filter>
    <Filter Include="addons\ofxXmlSettings">
      <UniqueIdentifier>{1aa72671-8a0b-4d87-ab25-8254cb298561}</UniqueIdentifier>
    </Filter>
    <Filter Include="addons\ofxXmlSettings\src">
      <UniqueIdentifier>{f5892842-817b-4a46-a4b1-230dc127e7f1}</UniqueIdentifier>
    </Filter>
    <Filter Include="addons\ofxXmlSettings\libs">
      <UniqueIdentifier>{7b14c98e-e845-4315-abf6-30163a228c03}</UniqueIdentifier>
    </Filter>
  </ItemGroup>
</Project>